
Microsoft Visual Studio Solution File, Format Version 12.00
# Visual Studio Version 17
VisualStudioVersion = 17.5.002.0
MinimumVisualStudioVersion = 10.0.40219.1
Project("{FAE04EC0-301F-11D3-BF4B-00C04F79EFBC}") = "Test_App", "Test_App\Test_App.csproj", "{E1771A26-99DA-4D43-B386-530C0B874F0B}"
EndProject
Project("{FAE04EC0-301F-11D3-BF4B-00C04F79EFBC}") = "Test_ILGPU", "Test_ILGPU\Test_ILGPU.csproj", "{886B7188-9076-4AE1-94B0-0D9AB2C72F48}"
EndProject
Project("{FAE04EC0-301F-11D3-BF4B-00C04F79EFBC}") = "Test_ComputeSharp", "Test_ComputeSharp\Test_ComputeSharp.csproj", "{A878333E-6162-4370-AB73-3F4052353D17}"
EndProject
Project("{FAE04EC0-301F-11D3-BF4B-00C04F79EFBC}") = "Test_ManagedCUDA", "Test_ManagedCUDA\Test_ManagedCUDA.csproj", "{DDA5B642-B4AD-4F3C-9EF2-14CDD2207424}"
EndProject
Project("{8BC9CEB8-8B4A-11D0-8D11-00A0C91BC942}") = "CudaRuntime1", "CudaRuntime1\CudaRuntime1.vcxproj", "{1080B02F-8C95-4F94-A570-ED995E8CD611}"
EndProject
Project("{8BC9CEB8-8B4A-11D0-8D11-00A0C91BC942}") = "CppClassLibrary1", "CppClassLibrary1\CppClassLibrary1.vcxproj", "{F5B05242-0BC5-4703-88A5-B8360DBF8182}"
EndProject
Project("{FAE04EC0-301F-11D3-BF4B-00C04F79EFBC}") = "SaxpyBenchmarks", "Benchmark\SaxpyBenchmarks.csproj", "{198CF909-E3A4-4005-B72A-78B04BB40B9A}"
EndProject
Project("{FAE04EC0-301F-11D3-BF4B-00C04F79EFBC}") = "Test_Library", "Test_Library\Test_Library.csproj", "{DED1E309-6BF1-488A-85C3-45FC4127015A}"
EndProject
Global
	GlobalSection(SolutionConfigurationPlatforms) = preSolution
		Debug|Any CPU = Debug|Any CPU
		Debug|x64 = Debug|x64
		Debug|x86 = Debug|x86
		Release|Any CPU = Release|Any CPU
		Release|x64 = Release|x64
		Release|x86 = Release|x86
	EndGlobalSection
	GlobalSection(ProjectConfigurationPlatforms) = postSolution
		{E1771A26-99DA-4D43-B386-530C0B874F0B}.Debug|Any CPU.ActiveCfg = Debug|Any CPU
		{E1771A26-99DA-4D43-B386-530C0B874F0B}.Debug|Any CPU.Build.0 = Debug|Any CPU
		{E1771A26-99DA-4D43-B386-530C0B874F0B}.Debug|x64.ActiveCfg = Debug|Any CPU
		{E1771A26-99DA-4D43-B386-530C0B874F0B}.Debug|x64.Build.0 = Debug|Any CPU
		{E1771A26-99DA-4D43-B386-530C0B874F0B}.Debug|x86.ActiveCfg = Debug|Any CPU
		{E1771A26-99DA-4D43-B386-530C0B874F0B}.Debug|x86.Build.0 = Debug|Any CPU
		{E1771A26-99DA-4D43-B386-530C0B874F0B}.Release|Any CPU.ActiveCfg = Release|Any CPU
		{E1771A26-99DA-4D43-B386-530C0B874F0B}.Release|Any CPU.Build.0 = Release|Any CPU
		{E1771A26-99DA-4D43-B386-530C0B874F0B}.Release|x64.ActiveCfg = Release|Any CPU
		{E1771A26-99DA-4D43-B386-530C0B874F0B}.Release|x64.Build.0 = Release|Any CPU
		{E1771A26-99DA-4D43-B386-530C0B874F0B}.Release|x86.ActiveCfg = Release|Any CPU
		{E1771A26-99DA-4D43-B386-530C0B874F0B}.Release|x86.Build.0 = Release|Any CPU
		{886B7188-9076-4AE1-94B0-0D9AB2C72F48}.Debug|Any CPU.ActiveCfg = Debug|Any CPU
		{886B7188-9076-4AE1-94B0-0D9AB2C72F48}.Debug|Any CPU.Build.0 = Debug|Any CPU
		{886B7188-9076-4AE1-94B0-0D9AB2C72F48}.Debug|x64.ActiveCfg = Debug|Any CPU
		{886B7188-9076-4AE1-94B0-0D9AB2C72F48}.Debug|x64.Build.0 = Debug|Any CPU
		{886B7188-9076-4AE1-94B0-0D9AB2C72F48}.Debug|x86.ActiveCfg = Debug|Any CPU
		{886B7188-9076-4AE1-94B0-0D9AB2C72F48}.Debug|x86.Build.0 = Debug|Any CPU
		{886B7188-9076-4AE1-94B0-0D9AB2C72F48}.Release|Any CPU.ActiveCfg = Release|Any CPU
		{886B7188-9076-4AE1-94B0-0D9AB2C72F48}.Release|Any CPU.Build.0 = Release|Any CPU
		{886B7188-9076-4AE1-94B0-0D9AB2C72F48}.Release|x64.ActiveCfg = Release|Any CPU
		{886B7188-9076-4AE1-94B0-0D9AB2C72F48}.Release|x64.Build.0 = Release|Any CPU
		{886B7188-9076-4AE1-94B0-0D9AB2C72F48}.Release|x86.ActiveCfg = Release|Any CPU
		{886B7188-9076-4AE1-94B0-0D9AB2C72F48}.Release|x86.Build.0 = Release|Any CPU
		{A878333E-6162-4370-AB73-3F4052353D17}.Debug|Any CPU.ActiveCfg = Debug|Any CPU
		{A878333E-6162-4370-AB73-3F4052353D17}.Debug|Any CPU.Build.0 = Debug|Any CPU
		{A878333E-6162-4370-AB73-3F4052353D17}.Debug|x64.ActiveCfg = Debug|Any CPU
		{A878333E-6162-4370-AB73-3F4052353D17}.Debug|x64.Build.0 = Debug|Any CPU
		{A878333E-6162-4370-AB73-3F4052353D17}.Debug|x86.ActiveCfg = Debug|Any CPU
		{A878333E-6162-4370-AB73-3F4052353D17}.Debug|x86.Build.0 = Debug|Any CPU
		{A878333E-6162-4370-AB73-3F4052353D17}.Release|Any CPU.ActiveCfg = Release|Any CPU
		{A878333E-6162-4370-AB73-3F4052353D17}.Release|Any CPU.Build.0 = Release|Any CPU
		{A878333E-6162-4370-AB73-3F4052353D17}.Release|x64.ActiveCfg = Release|Any CPU
		{A878333E-6162-4370-AB73-3F4052353D17}.Release|x64.Build.0 = Release|Any CPU
		{A878333E-6162-4370-AB73-3F4052353D17}.Release|x86.ActiveCfg = Release|Any CPU
		{A878333E-6162-4370-AB73-3F4052353D17}.Release|x86.Build.0 = Release|Any CPU
		{DDA5B642-B4AD-4F3C-9EF2-14CDD2207424}.Debug|Any CPU.ActiveCfg = Debug|Any CPU
		{DDA5B642-B4AD-4F3C-9EF2-14CDD2207424}.Debug|Any CPU.Build.0 = Debug|Any CPU
		{DDA5B642-B4AD-4F3C-9EF2-14CDD2207424}.Debug|x64.ActiveCfg = Debug|Any CPU
		{DDA5B642-B4AD-4F3C-9EF2-14CDD2207424}.Debug|x64.Build.0 = Debug|Any CPU
		{DDA5B642-B4AD-4F3C-9EF2-14CDD2207424}.Debug|x86.ActiveCfg = Debug|Any CPU
		{DDA5B642-B4AD-4F3C-9EF2-14CDD2207424}.Debug|x86.Build.0 = Debug|Any CPU
		{DDA5B642-B4AD-4F3C-9EF2-14CDD2207424}.Release|Any CPU.ActiveCfg = Release|Any CPU
		{DDA5B642-B4AD-4F3C-9EF2-14CDD2207424}.Release|Any CPU.Build.0 = Release|Any CPU
		{DDA5B642-B4AD-4F3C-9EF2-14CDD2207424}.Release|x64.ActiveCfg = Release|Any CPU
		{DDA5B642-B4AD-4F3C-9EF2-14CDD2207424}.Release|x64.Build.0 = Release|Any CPU
		{DDA5B642-B4AD-4F3C-9EF2-14CDD2207424}.Release|x86.ActiveCfg = Release|Any CPU
		{DDA5B642-B4AD-4F3C-9EF2-14CDD2207424}.Release|x86.Build.0 = Release|Any CPU
		{1080B02F-8C95-4F94-A570-ED995E8CD611}.Debug|Any CPU.ActiveCfg = Debug|x64
		{1080B02F-8C95-4F94-A570-ED995E8CD611}.Debug|Any CPU.Build.0 = Debug|x64
		{1080B02F-8C95-4F94-A570-ED995E8CD611}.Debug|x64.ActiveCfg = Debug|x64
		{1080B02F-8C95-4F94-A570-ED995E8CD611}.Debug|x64.Build.0 = Debug|x64
		{1080B02F-8C95-4F94-A570-ED995E8CD611}.Debug|x86.ActiveCfg = Debug|x64
		{1080B02F-8C95-4F94-A570-ED995E8CD611}.Debug|x86.Build.0 = Debug|x64
		{1080B02F-8C95-4F94-A570-ED995E8CD611}.Release|Any CPU.ActiveCfg = Release|x64
		{1080B02F-8C95-4F94-A570-ED995E8CD611}.Release|Any CPU.Build.0 = Release|x64
		{1080B02F-8C95-4F94-A570-ED995E8CD611}.Release|x64.ActiveCfg = Release|x64
		{1080B02F-8C95-4F94-A570-ED995E8CD611}.Release|x64.Build.0 = Release|x64
		{1080B02F-8C95-4F94-A570-ED995E8CD611}.Release|x86.ActiveCfg = Release|x64
		{1080B02F-8C95-4F94-A570-ED995E8CD611}.Release|x86.Build.0 = Release|x64
		{F5B05242-0BC5-4703-88A5-B8360DBF8182}.Debug|Any CPU.ActiveCfg = Debug|x64
		{F5B05242-0BC5-4703-88A5-B8360DBF8182}.Debug|Any CPU.Build.0 = Debug|x64
		{F5B05242-0BC5-4703-88A5-B8360DBF8182}.Debug|x64.ActiveCfg = Debug|x64
		{F5B05242-0BC5-4703-88A5-B8360DBF8182}.Debug|x64.Build.0 = Debug|x64
		{F5B05242-0BC5-4703-88A5-B8360DBF8182}.Debug|x86.ActiveCfg = Debug|Win32
		{F5B05242-0BC5-4703-88A5-B8360DBF8182}.Debug|x86.Build.0 = Debug|Win32
		{F5B05242-0BC5-4703-88A5-B8360DBF8182}.Release|Any CPU.ActiveCfg = Release|x64
		{F5B05242-0BC5-4703-88A5-B8360DBF8182}.Release|Any CPU.Build.0 = Release|x64
		{F5B05242-0BC5-4703-88A5-B8360DBF8182}.Release|x64.ActiveCfg = Release|x64
		{F5B05242-0BC5-4703-88A5-B8360DBF8182}.Release|x64.Build.0 = Release|x64
		{F5B05242-0BC5-4703-88A5-B8360DBF8182}.Release|x86.ActiveCfg = Release|Win32
		{F5B05242-0BC5-4703-88A5-B8360DBF8182}.Release|x86.Build.0 = Release|Win32
		{198CF909-E3A4-4005-B72A-78B04BB40B9A}.Debug|Any CPU.ActiveCfg = Debug|Any CPU
		{198CF909-E3A4-4005-B72A-78B04BB40B9A}.Debug|Any CPU.Build.0 = Debug|Any CPU
		{198CF909-E3A4-4005-B72A-78B04BB40B9A}.Debug|x64.ActiveCfg = Debug|Any CPU
		{198CF909-E3A4-4005-B72A-78B04BB40B9A}.Debug|x64.Build.0 = Debug|Any CPU
		{198CF909-E3A4-4005-B72A-78B04BB40B9A}.Debug|x86.ActiveCfg = Debug|Any CPU
		{198CF909-E3A4-4005-B72A-78B04BB40B9A}.Debug|x86.Build.0 = Debug|Any CPU
		{198CF909-E3A4-4005-B72A-78B04BB40B9A}.Release|Any CPU.ActiveCfg = Release|Any CPU
		{198CF909-E3A4-4005-B72A-78B04BB40B9A}.Release|Any CPU.Build.0 = Release|Any CPU
		{198CF909-E3A4-4005-B72A-78B04BB40B9A}.Release|x64.ActiveCfg = Release|Any CPU
		{198CF909-E3A4-4005-B72A-78B04BB40B9A}.Release|x64.Build.0 = Release|Any CPU
		{198CF909-E3A4-4005-B72A-78B04BB40B9A}.Release|x86.ActiveCfg = Release|Any CPU
		{198CF909-E3A4-4005-B72A-78B04BB40B9A}.Release|x86.Build.0 = Release|Any CPU
		{DED1E309-6BF1-488A-85C3-45FC4127015A}.Debug|Any CPU.ActiveCfg = Debug|Any CPU
		{DED1E309-6BF1-488A-85C3-45FC4127015A}.Debug|Any CPU.Build.0 = Debug|Any CPU
		{DED1E309-6BF1-488A-85C3-45FC4127015A}.Debug|x64.ActiveCfg = Debug|Any CPU
		{DED1E309-6BF1-488A-85C3-45FC4127015A}.Debug|x64.Build.0 = Debug|Any CPU
		{DED1E309-6BF1-488A-85C3-45FC4127015A}.Debug|x86.ActiveCfg = Debug|Any CPU
		{DED1E309-6BF1-488A-85C3-45FC4127015A}.Debug|x86.Build.0 = Debug|Any CPU
		{DED1E309-6BF1-488A-85C3-45FC4127015A}.Release|Any CPU.ActiveCfg = Release|Any CPU
		{DED1E309-6BF1-488A-85C3-45FC4127015A}.Release|Any CPU.Build.0 = Release|Any CPU
		{DED1E309-6BF1-488A-85C3-45FC4127015A}.Release|x64.ActiveCfg = Release|Any CPU
		{DED1E309-6BF1-488A-85C3-45FC4127015A}.Release|x64.Build.0 = Release|Any CPU
		{DED1E309-6BF1-488A-85C3-45FC4127015A}.Release|x86.ActiveCfg = Release|Any CPU
		{DED1E309-6BF1-488A-85C3-45FC4127015A}.Release|x86.Build.0 = Release|Any CPU
	EndGlobalSection
	GlobalSection(SolutionProperties) = preSolution
		HideSolutionNode = FALSE
	EndGlobalSection
	GlobalSection(ExtensibilityGlobals) = postSolution
		SolutionGuid = {0B3DB69E-D55D-4E28-8855-5D6C12892D14}
	EndGlobalSection
EndGlobal
